<?xml version="1.0" encoding="utf-8"?>
<Project ToolsVersion="4.0" xmlns="http://schemas.microsoft.com/developer/msbuild/2003">
  <ItemGroup>
    <Filter Include="Fichiers sources">
      <UniqueIdentifier>{4FC737F1-C7A5-4376-A066-2A32D752A2FF}</UniqueIdentifier>
      <Extensions>cpp;c;cc;cxx;c++;cppm;ixx;def;odl;idl;hpj;bat;asm;asmx</Extensions>
    </Filter>
    <Filter Include="Fichiers d%27en-tête">
      <UniqueIdentifier>{93995380-89BD-4b04-88EB-625FBE52EBFB}</UniqueIdentifier>
      <Extensions>h;hh;hpp;hxx;h++;hm;inl;inc;ipp;xsd</Extensions>
    </Filter>
    <Filter Include="Fichiers de ressources">
      <UniqueIdentifier>{67DA6AB6-F800-4c08-8B7A-83BB121AAD01}</UniqueIdentifier>
      <Extensions>rc;ico;cur;bmp;dlg;rc2;rct;bin;rgs;gif;jpg;jpeg;jpe;resx;tiff;tif;png;wav;mfcribbon-ms</Extensions>
    </Filter>
    <Filter Include="Fichiers sources\filters">
      <UniqueIdentifier>{c0383022-092e-416e-a8f5-e072677e26d9}</UniqueIdentifier>
    </Filter>
  </ItemGroup>
  <ItemGroup>
    <ClCompile Include="main.cpp">
      <Filter>Fichiers sources</Filter>
    </ClCompile>
    <ClCompile Include="img_io.cpp">
      <Filter>Fichiers sources</Filter>
    </ClCompile>
    <ClCompile Include="BrightnessFilter.cpp">
      <Filter>Fichiers sources\filters</Filter>
    </ClCompile>
    <ClCompile Include="MorphologyFilter.cpp">
      <Filter>Fichiers sources\filters</Filter>
    </ClCompile>
    <ClCompile Include="ResizeFilter.cpp">
      <Filter>Fichiers sources\filters</Filter>
    </ClCompile>
    <ClCompile Include="GrayscaleFilter.cpp">
      <Filter>Fichiers sources\filters</Filter>
    </ClCompile>
    <ClCompile Include="StitchFilter.cpp">
      <Filter>Fichiers sources\filters</Filter>
    </ClCompile>
    <ClCompile Include="VideoBrightnessProcessor.cpp">
      <Filter>Fichiers sources\filters</Filter>
    </ClCompile>
    <ClCompile Include="BlurFilter.cpp">
      <Filter>Fichiers sources\filters</Filter>
    </ClCompile>
    <ClCompile Include="BgSubtract.cpp">
      <Filter>Fichiers sources\filters</Filter>
    </ClCompile>
    <ClCompile Include="Panorama.cpp">
      <Filter>Fichiers sources\filters</Filter>
    </ClCompile>
    <ClCompile Include="FaceBlurFilter.cpp">
      <Filter>Fichiers sources</Filter>
    </ClCompile>
    <ClCompile Include="FaceDetectFilter.cpp">
      <Filter>Fichiers sources</Filter>
    </ClCompile>
    <ClCompile Include="BrightnessFilter.hpp">
      <Filter>Fichiers d%27en-tête</Filter>
    </ClCompile>
    <ClCompile Include="StitchFilter.hpp">
      <Filter>Fichiers d%27en-tête</Filter>
    </ClCompile>
    <ClCompile Include="FaceBlurFilter.hpp">
      <Filter>Fichiers d%27en-tête</Filter>
    </ClCompile>
    <ClCompile Include="FilterRunner.cpp">
      <Filter>Fichiers sources</Filter>
    </ClCompile>
    <ClCompile Include="CannyFilter.cpp">
      <Filter>Fichiers sources\filters</Filter>
    </ClCompile>
  </ItemGroup>
  <ItemGroup>
    <Text Include="manual.txt" />
    <Text Include="CMakeLists.txt" />
  </ItemGroup>
  <ItemGroup>
    <ClInclude Include="img_io.hpp">
      <Filter>Fichiers d%27en-tête</Filter>
    </ClInclude>
    <ClInclude Include="VideoBrightnessProcessor.hpp">
      <Filter>Fichiers d%27en-tête</Filter>
    </ClInclude>
    <ClInclude Include="BgSubtract.hpp">
      <Filter>Fichiers d%27en-tête</Filter>
    </ClInclude>
    <ClInclude Include="Panorama.h">
      <Filter>Fichiers d%27en-tête</Filter>
    </ClInclude>
    <ClInclude Include="AbstractFilter.hpp">
      <Filter>Fichiers d%27en-tête</Filter>
    </ClInclude>
    <ClInclude Include="GrayScaleFilter.hpp">
      <Filter>Fichiers d%27en-tête</Filter>
    </ClInclude>
    <ClInclude Include="BlurFilter.hpp">
      <Filter>Fichiers d%27en-tête</Filter>
    </ClInclude>
    <ClInclude Include="MorphologyFilter.hpp">
      <Filter>Fichiers d%27en-tête</Filter>
    </ClInclude>
    <ClInclude Include="ResizeFilter.hpp">
      <Filter>Fichiers d%27en-tête</Filter>
    </ClInclude>
    <ClInclude Include="CannyFilter.hpp">
      <Filter>Fichiers d%27en-tête</Filter>
    </ClInclude>
    <ClInclude Include="FaceDetectFilter.hpp">
      <Filter>Fichiers d%27en-tête</Filter>
    </ClInclude>
    <ClInclude Include="FilterRunner.hpp">
      <Filter>Fichiers d%27en-tête</Filter>
    </ClInclude>
  </ItemGroup>
</Project>